
Microsoft Visual Studio Solution File, Format Version 12.00
# Visual Studio Version 16
VisualStudioVersion = 16.0.33927.289
MinimumVisualStudioVersion = 10.0.40219.1
Project("{8BC9CEB8-8B4A-11D0-8D11-00A0C91BC942}") = "recursion", "recursion\recursion.vcxproj", "{50CB7B8E-FC15-45D1-84EC-21F581097150}"
EndProject
Global
	GlobalSection(SolutionConfigurationPlatforms) = preSolution
		Debug|x64 = Debug|x64
		Debug|x86 = Debug|x86
		Release|x64 = Release|x64
		Release|x86 = Release|x86
	EndGlobalSection
	GlobalSection(ProjectConfigurationPlatforms) = postSolution
		{50CB7B8E-FC15-45D1-84EC-21F581097150}.Debug|x64.ActiveCfg = Debug|x64
		{50CB7B8E-FC15-45D1-84EC-21F581097150}.Debug|x64.Build.0 = Debug|x64
		{50CB7B8E-FC15-45D1-84EC-21F581097150}.Debug|x86.ActiveCfg = Debug|Win32
		{50CB7B8E-FC15-45D1-84EC-21F581097150}.Debug|x86.Build.0 = Debug|Win32
		{50CB7B8E-FC15-45D1-84EC-21F581097150}.Release|x64.ActiveCfg = Release|x64
		{50CB7B8E-FC15-45D1-84EC-21F581097150}.Release|x64.Build.0 = Release|x64
		{50CB7B8E-FC15-45D1-84EC-21F581097150}.Release|x86.ActiveCfg = Release|Win32
		{50CB7B8E-FC15-45D1-84EC-21F581097150}.Release|x86.Build.0 = Release|Win32
	EndGlobalSection
	GlobalSection(SolutionProperties) = preSolution
		HideSolutionNode = FALSE
	EndGlobalSection
	GlobalSection(ExtensibilityGlobals) = postSolution
		SolutionGuid = {1BBB0B8E-24EB-4CBC-B4FC-81CFC8792820}
	EndGlobalSection
EndGlobal
